
Microsoft Visual Studio Solution File, Format Version 12.00
# Visual Studio Version 17
VisualStudioVersion = 17.4.33110.190
MinimumVisualStudioVersion = 10.0.40219.1
Project("{9A19103F-16F7-4668-BE54-9A1E7A4F7556}") = "Checkers", "Checkers\Checkers.csproj", "{FFCF0C80-DDF7-47BF-9FAC-4393D4DDAB7D}"
EndProject
Global
	GlobalSection(SolutionConfigurationPlatforms) = preSolution
		Debug|Any CPU = Debug|Any CPU
		Release|Any CPU = Release|Any CPU
	EndGlobalSection
	GlobalSection(ProjectConfigurationPlatforms) = postSolution
		{FFCF0C80-DDF7-47BF-9FAC-4393D4DDAB7D}.Debug|Any CPU.ActiveCfg = Debug|Any CPU
		{FFCF0C80-DDF7-47BF-9FAC-4393D4DDAB7D}.Debug|Any CPU.Build.0 = Debug|Any CPU
		{FFCF0C80-DDF7-47BF-9FAC-4393D4DDAB7D}.Release|Any CPU.ActiveCfg = Release|Any CPU
		{FFCF0C80-DDF7-47BF-9FAC-4393D4DDAB7D}.Release|Any CPU.Build.0 = Release|Any CPU
	EndGlobalSection
	GlobalSection(SolutionProperties) = preSolution
		HideSolutionNode = FALSE
	EndGlobalSection
	GlobalSection(ExtensibilityGlobals) = postSolution
		SolutionGuid = {28A1105C-1881-41C5-B1B9-223E6F21DB36}
	EndGlobalSection
EndGlobal
